// !$*UTF8*$!
{
	archiveVersion = 1;
	classes = {
	};
	objectVersion = 56;
	objects = {

/* Begin PBXBuildFile section */
		8E2FD6662C4281B7008F68D5 /* AppDelegate.swift in Sources */ = {isa = PBXBuildFile; fileRef = 8E2FD6652C4281B7008F68D5 /* AppDelegate.swift */; };
		8E2FD6682C4281B7008F68D5 /* SceneDelegate.swift in Sources */ = {isa = PBXBuildFile; fileRef = 8E2FD6672C4281B7008F68D5 /* SceneDelegate.swift */; };
		8E2FD66F2C4281B8008F68D5 /* Assets.xcassets in Resources */ = {isa = PBXBuildFile; fileRef = 8E2FD66E2C4281B8008F68D5 /* Assets.xcassets */; };
		8E2FD6722C4281B8008F68D5 /* Base in Resources */ = {isa = PBXBuildFile; fileRef = 8E2FD6712C4281B8008F68D5 /* Base */; };
		8E768DE72C47C63E0062431F /* WeatherSummaryViewController+Mock.swift in Sources */ = {isa = PBXBuildFile; fileRef = 8E768DE62C47C63E0062431F /* WeatherSummaryViewController+Mock.swift */; };
		8E768DEA2C47CB370062431F /* CancelBag.swift in Sources */ = {isa = PBXBuildFile; fileRef = 8E768DE92C47CB370062431F /* CancelBag.swift */; };
		8E768DEC2C47CB4D0062431F /* CombineControlCompatible.swift in Sources */ = {isa = PBXBuildFile; fileRef = 8E768DEB2C47CB4D0062431F /* CombineControlCompatible.swift */; };
		8E768DEE2C47CB620062431F /* ControlEventPublisher.swift in Sources */ = {isa = PBXBuildFile; fileRef = 8E768DED2C47CB620062431F /* ControlEventPublisher.swift */; };
		8E768DF02C47CB750062431F /* ControlSubscription.swift in Sources */ = {isa = PBXBuildFile; fileRef = 8E768DEF2C47CB750062431F /* ControlSubscription.swift */; };
		8E768DF22C47CB9D0062431F /* Publisher+.swift in Sources */ = {isa = PBXBuildFile; fileRef = 8E768DF12C47CB9C0062431F /* Publisher+.swift */; };
		8E768DF52C47CC510062431F /* CurrentWeatherRepository.swift in Sources */ = {isa = PBXBuildFile; fileRef = 8E768DF42C47CC510062431F /* CurrentWeatherRepository.swift */; };
		8E768DF72C47CEC10062431F /* ForecastWeatherRepository.swift in Sources */ = {isa = PBXBuildFile; fileRef = 8E768DF62C47CEC10062431F /* ForecastWeatherRepository.swift */; };
		8E768DFA2C47CF930062431F /* WeatherSummaryViewModel.swift in Sources */ = {isa = PBXBuildFile; fileRef = 8E768DF92C47CF930062431F /* WeatherSummaryViewModel.swift */; };
		8E768DFD2C47DA4A0062431F /* LocationService.swift in Sources */ = {isa = PBXBuildFile; fileRef = 8E768DFC2C47DA4A0062431F /* LocationService.swift */; };
		8E768DFF2C47F0A00062431F /* UIViewController+.swift in Sources */ = {isa = PBXBuildFile; fileRef = 8E768DFE2C47F0A00062431F /* UIViewController+.swift */; };
		8E768E022C47F0CC0062431F /* ToastView.swift in Sources */ = {isa = PBXBuildFile; fileRef = 8E768E012C47F0CC0062431F /* ToastView.swift */; };
		8E768E062C4BC66D0062431F /* Sequence+.swift in Sources */ = {isa = PBXBuildFile; fileRef = 8E768E052C4BC66D0062431F /* Sequence+.swift */; };
		8E768E082C4BC6790062431F /* Collection+.swift in Sources */ = {isa = PBXBuildFile; fileRef = 8E768E072C4BC6790062431F /* Collection+.swift */; };
		8E768E0B2C4BC8860062431F /* Weekday.swift in Sources */ = {isa = PBXBuildFile; fileRef = 8E768E0A2C4BC8860062431F /* Weekday.swift */; };
		BE2AFB0D2C49208D00C6718C /* UITableViewDelegateProxy.swift in Sources */ = {isa = PBXBuildFile; fileRef = BE2AFB0C2C49208D00C6718C /* UITableViewDelegateProxy.swift */; };
		BE2AFB0F2C4920B000C6718C /* UICollectionViewDelegateProxy.swift in Sources */ = {isa = PBXBuildFile; fileRef = BE2AFB0E2C4920B000C6718C /* UICollectionViewDelegateProxy.swift */; };
		BE2AFB112C49224B00C6718C /* UIKit+Combine.swift in Sources */ = {isa = PBXBuildFile; fileRef = BE2AFB102C49224B00C6718C /* UIKit+Combine.swift */; };
		BEC239CA2C4504400086B797 /* SnapKit in Frameworks */ = {isa = PBXBuildFile; productRef = BEC239C92C4504400086B797 /* SnapKit */; };
		BEC239CD2C4504600086B797 /* Neat in Frameworks */ = {isa = PBXBuildFile; productRef = BEC239CC2C4504600086B797 /* Neat */; };
		BEC239D02C45047C0086B797 /* Alamofire in Frameworks */ = {isa = PBXBuildFile; productRef = BEC239CF2C45047C0086B797 /* Alamofire */; };
		BEC239FF2C450E840086B797 /* .gitignore in Resources */ = {isa = PBXBuildFile; fileRef = BEC239FE2C450E840086B797 /* .gitignore */; };
		BEC23A192C45131B0086B797 /* View.swift in Sources */ = {isa = PBXBuildFile; fileRef = BEC23A002C45131A0086B797 /* View.swift */; };
		BEC23A1A2C45131B0086B797 /* ViewModel.swift in Sources */ = {isa = PBXBuildFile; fileRef = BEC23A012C45131A0086B797 /* ViewModel.swift */; };
		BEC23A1B2C45131B0086B797 /* ViewModelStorage.swift in Sources */ = {isa = PBXBuildFile; fileRef = BEC23A022C45131A0086B797 /* ViewModelStorage.swift */; };
		BEC23A1C2C45131B0086B797 /* BaseCollectionViewCell.swift in Sources */ = {isa = PBXBuildFile; fileRef = BEC23A042C45131A0086B797 /* BaseCollectionViewCell.swift */; };
		BEC23A1D2C45131B0086B797 /* BaseTableViewCell.swift in Sources */ = {isa = PBXBuildFile; fileRef = BEC23A052C45131A0086B797 /* BaseTableViewCell.swift */; };
		BEC23A1E2C45131B0086B797 /* BaseView.swift in Sources */ = {isa = PBXBuildFile; fileRef = BEC23A062C45131A0086B797 /* BaseView.swift */; };
		BEC23A1F2C45131B0086B797 /* BaseViewController.swift in Sources */ = {isa = PBXBuildFile; fileRef = BEC23A072C45131A0086B797 /* BaseViewController.swift */; };
		BEC23A202C45131B0086B797 /* Logger.swift in Sources */ = {isa = PBXBuildFile; fileRef = BEC23A092C45131A0086B797 /* Logger.swift */; };
		BEC23A212C45131B0086B797 /* EndpointError.swift in Sources */ = {isa = PBXBuildFile; fileRef = BEC23A0B2C45131A0086B797 /* EndpointError.swift */; };
		BEC23A222C45131B0086B797 /* EndpointRepresentable.swift in Sources */ = {isa = PBXBuildFile; fileRef = BEC23A0C2C45131A0086B797 /* EndpointRepresentable.swift */; };
		BEC23A232C45131B0086B797 /* String+.swift in Sources */ = {isa = PBXBuildFile; fileRef = BEC23A0E2C45131A0086B797 /* String+.swift */; };
		BEC23A242C45131B0086B797 /* DeinitHandler.swift in Sources */ = {isa = PBXBuildFile; fileRef = BEC23A102C45131A0086B797 /* DeinitHandler.swift */; };
		BEC23A252C45131B0086B797 /* Weak.swift in Sources */ = {isa = PBXBuildFile; fileRef = BEC23A112C45131A0086B797 /* Weak.swift */; };
		BEC23A262C45131B0086B797 /* WeakStorage.swift in Sources */ = {isa = PBXBuildFile; fileRef = BEC23A122C45131A0086B797 /* WeakStorage.swift */; };
		BEC23A272C45131B0086B797 /* DateFormat.swift in Sources */ = {isa = PBXBuildFile; fileRef = BEC23A142C45131A0086B797 /* DateFormat.swift */; };
		BEC23A282C45131B0086B797 /* Observable.swift in Sources */ = {isa = PBXBuildFile; fileRef = BEC23A152C45131A0086B797 /* Observable.swift */; };
		BEC23A292C45131B0086B797 /* ReuseIdentifiable.swift in Sources */ = {isa = PBXBuildFile; fileRef = BEC23A162C45131A0086B797 /* ReuseIdentifiable.swift */; };
		BEC23A2B2C4513510086B797 /* CurrentWeatherEndpoint.swift in Sources */ = {isa = PBXBuildFile; fileRef = BEC23A2A2C4513510086B797 /* CurrentWeatherEndpoint.swift */; };
		BEC23A2D2C4514440086B797 /* OpenWeatherEndpoint.swift in Sources */ = {isa = PBXBuildFile; fileRef = BEC23A2C2C4514440086B797 /* OpenWeatherEndpoint.swift */; };
		BEC23A302C45178D0086B797 /* ForecastWeatherEndpoint.swift in Sources */ = {isa = PBXBuildFile; fileRef = BEC23A2F2C45178D0086B797 /* ForecastWeatherEndpoint.swift */; };
		BEC23A342C45187D0086B797 /* OWLocationRequest.swift in Sources */ = {isa = PBXBuildFile; fileRef = BEC23A332C45187D0086B797 /* OWLocationRequest.swift */; };
		BEC23A362C45188D0086B797 /* OpenWeatherLocationEndpoint.swift in Sources */ = {isa = PBXBuildFile; fileRef = BEC23A352C45188D0086B797 /* OpenWeatherLocationEndpoint.swift */; };
		BEC23A392C4519250086B797 /* CurrentWeatherDTO.swift in Sources */ = {isa = PBXBuildFile; fileRef = BEC23A382C4519250086B797 /* CurrentWeatherDTO.swift */; };
		BEC23A3B2C451ACE0086B797 /* ForecastWeatherDTO.swift in Sources */ = {isa = PBXBuildFile; fileRef = BEC23A3A2C451ACE0086B797 /* ForecastWeatherDTO.swift */; };
		BEC23A3D2C4542C20086B797 /* WeatherSummaryViewController.swift in Sources */ = {isa = PBXBuildFile; fileRef = BEC23A3C2C4542C10086B797 /* WeatherSummaryViewController.swift */; };
		BEC23A422C454CA20086B797 /* OpenWeatherIconEndpoint.swift in Sources */ = {isa = PBXBuildFile; fileRef = BEC23A412C454CA20086B797 /* OpenWeatherIconEndpoint.swift */; };
		BEC23A442C454D5A0086B797 /* OpenWeatherIconRequest.swift in Sources */ = {isa = PBXBuildFile; fileRef = BEC23A432C454D5A0086B797 /* OpenWeatherIconRequest.swift */; };
		BEC23A462C454F850086B797 /* Date+.swift in Sources */ = {isa = PBXBuildFile; fileRef = BEC23A452C454F850086B797 /* Date+.swift */; };
		BEC23A492C4554280086B797 /* ThreeHoursForecastCVCell.swift in Sources */ = {isa = PBXBuildFile; fileRef = BEC23A482C4554280086B797 /* ThreeHoursForecastCVCell.swift */; };
		BEC23A4B2C4555D80086B797 /* FiveDaysForecastCVCell.swift in Sources */ = {isa = PBXBuildFile; fileRef = BEC23A4A2C4555D80086B797 /* FiveDaysForecastCVCell.swift */; };
		BEC23A4D2C4556580086B797 /* WeatherLocationCVCell.swift in Sources */ = {isa = PBXBuildFile; fileRef = BEC23A4C2C4556580086B797 /* WeatherLocationCVCell.swift */; };
		BEC23A4F2C4556720086B797 /* WeatherConditionCVCell.swift in Sources */ = {isa = PBXBuildFile; fileRef = BEC23A4E2C4556720086B797 /* WeatherConditionCVCell.swift */; };
		BEC23A512C4559530086B797 /* NSDirectionalEdgeInsets+.swift in Sources */ = {isa = PBXBuildFile; fileRef = BEC23A502C4559530086B797 /* NSDirectionalEdgeInsets+.swift */; };
		BEC23A532C45599F0086B797 /* IntegerLiteralType+.swift in Sources */ = {isa = PBXBuildFile; fileRef = BEC23A522C45599F0086B797 /* IntegerLiteralType+.swift */; };
		BEC23A662C467F340086B797 /* CacheableObject.swift in Sources */ = {isa = PBXBuildFile; fileRef = BEC23A5F2C467F340086B797 /* CacheableObject.swift */; };
		BEC23A672C467F340086B797 /* CacheConfiguration.swift in Sources */ = {isa = PBXBuildFile; fileRef = BEC23A602C467F340086B797 /* CacheConfiguration.swift */; };
		BEC23A682C467F340086B797 /* CacheService.swift in Sources */ = {isa = PBXBuildFile; fileRef = BEC23A612C467F340086B797 /* CacheService.swift */; };
		BEC23A692C467F340086B797 /* CacheStorage.swift in Sources */ = {isa = PBXBuildFile; fileRef = BEC23A622C467F340086B797 /* CacheStorage.swift */; };
		BEC23A6A2C467F340086B797 /* CacheWrapper.swift in Sources */ = {isa = PBXBuildFile; fileRef = BEC23A632C467F340086B797 /* CacheWrapper.swift */; };
		BEC23A6B2C467F340086B797 /* DataSize.swift in Sources */ = {isa = PBXBuildFile; fileRef = BEC23A642C467F340086B797 /* DataSize.swift */; };
		BEC23A6D2C467F940086B797 /* UIImageView+.swift in Sources */ = {isa = PBXBuildFile; fileRef = BEC23A6C2C467F940086B797 /* UIImageView+.swift */; };
		BEC23A702C467FD60086B797 /* NetworkError.swift in Sources */ = {isa = PBXBuildFile; fileRef = BEC23A6F2C467FD60086B797 /* NetworkError.swift */; };
		BEC23A722C46849D0086B797 /* UIFont+.swift in Sources */ = {isa = PBXBuildFile; fileRef = BEC23A712C46849D0086B797 /* UIFont+.swift */; };
		BEC23A742C4685100086B797 /* FloatLiteralType+.swift in Sources */ = {isa = PBXBuildFile; fileRef = BEC23A732C4685100086B797 /* FloatLiteralType+.swift */; };
		BEC23A772C4686380086B797 /* WTDesign.swift in Sources */ = {isa = PBXBuildFile; fileRef = BEC23A762C4686380086B797 /* WTDesign.swift */; };
/* End PBXBuildFile section */

/* Begin PBXFileReference section */
		8E2FD6622C4281B7008F68D5 /* Weather.app */ = {isa = PBXFileReference; explicitFileType = wrapper.application; includeInIndex = 0; path = Weather.app; sourceTree = BUILT_PRODUCTS_DIR; };
		8E2FD6652C4281B7008F68D5 /* AppDelegate.swift */ = {isa = PBXFileReference; lastKnownFileType = sourcecode.swift; path = AppDelegate.swift; sourceTree = "<group>"; };
		8E2FD6672C4281B7008F68D5 /* SceneDelegate.swift */ = {isa = PBXFileReference; lastKnownFileType = sourcecode.swift; path = SceneDelegate.swift; sourceTree = "<group>"; };
		8E2FD66E2C4281B8008F68D5 /* Assets.xcassets */ = {isa = PBXFileReference; lastKnownFileType = folder.assetcatalog; path = Assets.xcassets; sourceTree = "<group>"; };
		8E2FD6712C4281B8008F68D5 /* Base */ = {isa = PBXFileReference; lastKnownFileType = file.storyboard; name = Base; path = Base.lproj/LaunchScreen.storyboard; sourceTree = "<group>"; };
		8E2FD6732C4281B8008F68D5 /* Info.plist */ = {isa = PBXFileReference; lastKnownFileType = text.plist.xml; path = Info.plist; sourceTree = "<group>"; };
		8E768DE62C47C63E0062431F /* WeatherSummaryViewController+Mock.swift */ = {isa = PBXFileReference; lastKnownFileType = sourcecode.swift; path = "WeatherSummaryViewController+Mock.swift"; sourceTree = "<group>"; };
		8E768DE92C47CB370062431F /* CancelBag.swift */ = {isa = PBXFileReference; lastKnownFileType = sourcecode.swift; path = CancelBag.swift; sourceTree = "<group>"; };
		8E768DEB2C47CB4D0062431F /* CombineControlCompatible.swift */ = {isa = PBXFileReference; lastKnownFileType = sourcecode.swift; path = CombineControlCompatible.swift; sourceTree = "<group>"; };
		8E768DED2C47CB620062431F /* ControlEventPublisher.swift */ = {isa = PBXFileReference; lastKnownFileType = sourcecode.swift; path = ControlEventPublisher.swift; sourceTree = "<group>"; };
		8E768DEF2C47CB750062431F /* ControlSubscription.swift */ = {isa = PBXFileReference; lastKnownFileType = sourcecode.swift; path = ControlSubscription.swift; sourceTree = "<group>"; };
		8E768DF12C47CB9C0062431F /* Publisher+.swift */ = {isa = PBXFileReference; lastKnownFileType = sourcecode.swift; path = "Publisher+.swift"; sourceTree = "<group>"; };
		8E768DF42C47CC510062431F /* CurrentWeatherRepository.swift */ = {isa = PBXFileReference; lastKnownFileType = sourcecode.swift; path = CurrentWeatherRepository.swift; sourceTree = "<group>"; };
		8E768DF62C47CEC10062431F /* ForecastWeatherRepository.swift */ = {isa = PBXFileReference; lastKnownFileType = sourcecode.swift; path = ForecastWeatherRepository.swift; sourceTree = "<group>"; };
		8E768DF92C47CF930062431F /* WeatherSummaryViewModel.swift */ = {isa = PBXFileReference; lastKnownFileType = sourcecode.swift; path = WeatherSummaryViewModel.swift; sourceTree = "<group>"; };
		8E768DFC2C47DA4A0062431F /* LocationService.swift */ = {isa = PBXFileReference; lastKnownFileType = sourcecode.swift; path = LocationService.swift; sourceTree = "<group>"; };
		8E768DFE2C47F0A00062431F /* UIViewController+.swift */ = {isa = PBXFileReference; lastKnownFileType = sourcecode.swift; path = "UIViewController+.swift"; sourceTree = "<group>"; };
		8E768E012C47F0CC0062431F /* ToastView.swift */ = {isa = PBXFileReference; lastKnownFileType = sourcecode.swift; path = ToastView.swift; sourceTree = "<group>"; };
		8E768E052C4BC66D0062431F /* Sequence+.swift */ = {isa = PBXFileReference; lastKnownFileType = sourcecode.swift; path = "Sequence+.swift"; sourceTree = "<group>"; };
		8E768E072C4BC6790062431F /* Collection+.swift */ = {isa = PBXFileReference; lastKnownFileType = sourcecode.swift; path = "Collection+.swift"; sourceTree = "<group>"; };
		8E768E0A2C4BC8860062431F /* Weekday.swift */ = {isa = PBXFileReference; lastKnownFileType = sourcecode.swift; path = Weekday.swift; sourceTree = "<group>"; };
		BE2AFB0C2C49208D00C6718C /* UITableViewDelegateProxy.swift */ = {isa = PBXFileReference; lastKnownFileType = sourcecode.swift; path = UITableViewDelegateProxy.swift; sourceTree = "<group>"; };
		BE2AFB0E2C4920B000C6718C /* UICollectionViewDelegateProxy.swift */ = {isa = PBXFileReference; lastKnownFileType = sourcecode.swift; path = UICollectionViewDelegateProxy.swift; sourceTree = "<group>"; };
		BE2AFB102C49224B00C6718C /* UIKit+Combine.swift */ = {isa = PBXFileReference; lastKnownFileType = sourcecode.swift; path = "UIKit+Combine.swift"; sourceTree = "<group>"; };
		BEC239FE2C450E840086B797 /* .gitignore */ = {isa = PBXFileReference; fileEncoding = 4; lastKnownFileType = text; path = .gitignore; sourceTree = "<group>"; };
		BEC23A002C45131A0086B797 /* View.swift */ = {isa = PBXFileReference; fileEncoding = 4; lastKnownFileType = sourcecode.swift; path = View.swift; sourceTree = "<group>"; };
		BEC23A012C45131A0086B797 /* ViewModel.swift */ = {isa = PBXFileReference; fileEncoding = 4; lastKnownFileType = sourcecode.swift; path = ViewModel.swift; sourceTree = "<group>"; };
		BEC23A022C45131A0086B797 /* ViewModelStorage.swift */ = {isa = PBXFileReference; fileEncoding = 4; lastKnownFileType = sourcecode.swift; path = ViewModelStorage.swift; sourceTree = "<group>"; };
		BEC23A042C45131A0086B797 /* BaseCollectionViewCell.swift */ = {isa = PBXFileReference; fileEncoding = 4; lastKnownFileType = sourcecode.swift; path = BaseCollectionViewCell.swift; sourceTree = "<group>"; };
		BEC23A052C45131A0086B797 /* BaseTableViewCell.swift */ = {isa = PBXFileReference; fileEncoding = 4; lastKnownFileType = sourcecode.swift; path = BaseTableViewCell.swift; sourceTree = "<group>"; };
		BEC23A062C45131A0086B797 /* BaseView.swift */ = {isa = PBXFileReference; fileEncoding = 4; lastKnownFileType = sourcecode.swift; path = BaseView.swift; sourceTree = "<group>"; };
		BEC23A072C45131A0086B797 /* BaseViewController.swift */ = {isa = PBXFileReference; fileEncoding = 4; lastKnownFileType = sourcecode.swift; path = BaseViewController.swift; sourceTree = "<group>"; };
		BEC23A092C45131A0086B797 /* Logger.swift */ = {isa = PBXFileReference; fileEncoding = 4; lastKnownFileType = sourcecode.swift; path = Logger.swift; sourceTree = "<group>"; };
		BEC23A0B2C45131A0086B797 /* EndpointError.swift */ = {isa = PBXFileReference; fileEncoding = 4; lastKnownFileType = sourcecode.swift; path = EndpointError.swift; sourceTree = "<group>"; };
		BEC23A0C2C45131A0086B797 /* EndpointRepresentable.swift */ = {isa = PBXFileReference; fileEncoding = 4; lastKnownFileType = sourcecode.swift; path = EndpointRepresentable.swift; sourceTree = "<group>"; };
		BEC23A0E2C45131A0086B797 /* String+.swift */ = {isa = PBXFileReference; fileEncoding = 4; lastKnownFileType = sourcecode.swift; path = "String+.swift"; sourceTree = "<group>"; };
		BEC23A102C45131A0086B797 /* DeinitHandler.swift */ = {isa = PBXFileReference; fileEncoding = 4; lastKnownFileType = sourcecode.swift; path = DeinitHandler.swift; sourceTree = "<group>"; };
		BEC23A112C45131A0086B797 /* Weak.swift */ = {isa = PBXFileReference; fileEncoding = 4; lastKnownFileType = sourcecode.swift; path = Weak.swift; sourceTree = "<group>"; };
		BEC23A122C45131A0086B797 /* WeakStorage.swift */ = {isa = PBXFileReference; fileEncoding = 4; lastKnownFileType = sourcecode.swift; path = WeakStorage.swift; sourceTree = "<group>"; };
		BEC23A142C45131A0086B797 /* DateFormat.swift */ = {isa = PBXFileReference; fileEncoding = 4; lastKnownFileType = sourcecode.swift; path = DateFormat.swift; sourceTree = "<group>"; };
		BEC23A152C45131A0086B797 /* Observable.swift */ = {isa = PBXFileReference; fileEncoding = 4; lastKnownFileType = sourcecode.swift; path = Observable.swift; sourceTree = "<group>"; };
		BEC23A162C45131A0086B797 /* ReuseIdentifiable.swift */ = {isa = PBXFileReference; fileEncoding = 4; lastKnownFileType = sourcecode.swift; path = ReuseIdentifiable.swift; sourceTree = "<group>"; };
		BEC23A2A2C4513510086B797 /* CurrentWeatherEndpoint.swift */ = {isa = PBXFileReference; lastKnownFileType = sourcecode.swift; path = CurrentWeatherEndpoint.swift; sourceTree = "<group>"; };
		BEC23A2C2C4514440086B797 /* OpenWeatherEndpoint.swift */ = {isa = PBXFileReference; lastKnownFileType = sourcecode.swift; path = OpenWeatherEndpoint.swift; sourceTree = "<group>"; };
		BEC23A2E2C4515550086B797 /* Debug.xcconfig */ = {isa = PBXFileReference; lastKnownFileType = text.xcconfig; path = Debug.xcconfig; sourceTree = "<group>"; };
		BEC23A2F2C45178D0086B797 /* ForecastWeatherEndpoint.swift */ = {isa = PBXFileReference; lastKnownFileType = sourcecode.swift; path = ForecastWeatherEndpoint.swift; sourceTree = "<group>"; };
		BEC23A332C45187D0086B797 /* OWLocationRequest.swift */ = {isa = PBXFileReference; lastKnownFileType = sourcecode.swift; path = OWLocationRequest.swift; sourceTree = "<group>"; };
		BEC23A352C45188D0086B797 /* OpenWeatherLocationEndpoint.swift */ = {isa = PBXFileReference; lastKnownFileType = sourcecode.swift; path = OpenWeatherLocationEndpoint.swift; sourceTree = "<group>"; };
		BEC23A382C4519250086B797 /* CurrentWeatherDTO.swift */ = {isa = PBXFileReference; lastKnownFileType = sourcecode.swift; path = CurrentWeatherDTO.swift; sourceTree = "<group>"; };
		BEC23A3A2C451ACE0086B797 /* ForecastWeatherDTO.swift */ = {isa = PBXFileReference; lastKnownFileType = sourcecode.swift; path = ForecastWeatherDTO.swift; sourceTree = "<group>"; };
		BEC23A3C2C4542C10086B797 /* WeatherSummaryViewController.swift */ = {isa = PBXFileReference; fileEncoding = 4; lastKnownFileType = sourcecode.swift; path = WeatherSummaryViewController.swift; sourceTree = "<group>"; };
		BEC23A412C454CA20086B797 /* OpenWeatherIconEndpoint.swift */ = {isa = PBXFileReference; lastKnownFileType = sourcecode.swift; path = OpenWeatherIconEndpoint.swift; sourceTree = "<group>"; };
		BEC23A432C454D5A0086B797 /* OpenWeatherIconRequest.swift */ = {isa = PBXFileReference; lastKnownFileType = sourcecode.swift; path = OpenWeatherIconRequest.swift; sourceTree = "<group>"; };
		BEC23A452C454F850086B797 /* Date+.swift */ = {isa = PBXFileReference; lastKnownFileType = sourcecode.swift; path = "Date+.swift"; sourceTree = "<group>"; };
		BEC23A482C4554280086B797 /* ThreeHoursForecastCVCell.swift */ = {isa = PBXFileReference; lastKnownFileType = sourcecode.swift; path = ThreeHoursForecastCVCell.swift; sourceTree = "<group>"; };
		BEC23A4A2C4555D80086B797 /* FiveDaysForecastCVCell.swift */ = {isa = PBXFileReference; lastKnownFileType = sourcecode.swift; path = FiveDaysForecastCVCell.swift; sourceTree = "<group>"; };
		BEC23A4C2C4556580086B797 /* WeatherLocationCVCell.swift */ = {isa = PBXFileReference; lastKnownFileType = sourcecode.swift; path = WeatherLocationCVCell.swift; sourceTree = "<group>"; };
		BEC23A4E2C4556720086B797 /* WeatherConditionCVCell.swift */ = {isa = PBXFileReference; lastKnownFileType = sourcecode.swift; path = WeatherConditionCVCell.swift; sourceTree = "<group>"; };
		BEC23A502C4559530086B797 /* NSDirectionalEdgeInsets+.swift */ = {isa = PBXFileReference; lastKnownFileType = sourcecode.swift; path = "NSDirectionalEdgeInsets+.swift"; sourceTree = "<group>"; };
		BEC23A522C45599F0086B797 /* IntegerLiteralType+.swift */ = {isa = PBXFileReference; lastKnownFileType = sourcecode.swift; path = "IntegerLiteralType+.swift"; sourceTree = "<group>"; };
		BEC23A5F2C467F340086B797 /* CacheableObject.swift */ = {isa = PBXFileReference; fileEncoding = 4; lastKnownFileType = sourcecode.swift; path = CacheableObject.swift; sourceTree = "<group>"; };
		BEC23A602C467F340086B797 /* CacheConfiguration.swift */ = {isa = PBXFileReference; fileEncoding = 4; lastKnownFileType = sourcecode.swift; path = CacheConfiguration.swift; sourceTree = "<group>"; };
		BEC23A612C467F340086B797 /* CacheService.swift */ = {isa = PBXFileReference; fileEncoding = 4; lastKnownFileType = sourcecode.swift; path = CacheService.swift; sourceTree = "<group>"; };
		BEC23A622C467F340086B797 /* CacheStorage.swift */ = {isa = PBXFileReference; fileEncoding = 4; lastKnownFileType = sourcecode.swift; path = CacheStorage.swift; sourceTree = "<group>"; };
		BEC23A632C467F340086B797 /* CacheWrapper.swift */ = {isa = PBXFileReference; fileEncoding = 4; lastKnownFileType = sourcecode.swift; path = CacheWrapper.swift; sourceTree = "<group>"; };
		BEC23A642C467F340086B797 /* DataSize.swift */ = {isa = PBXFileReference; fileEncoding = 4; lastKnownFileType = sourcecode.swift; path = DataSize.swift; sourceTree = "<group>"; };
		BEC23A6C2C467F940086B797 /* UIImageView+.swift */ = {isa = PBXFileReference; lastKnownFileType = sourcecode.swift; path = "UIImageView+.swift"; sourceTree = "<group>"; };
		BEC23A6F2C467FD60086B797 /* NetworkError.swift */ = {isa = PBXFileReference; lastKnownFileType = sourcecode.swift; path = NetworkError.swift; sourceTree = "<group>"; };
		BEC23A712C46849D0086B797 /* UIFont+.swift */ = {isa = PBXFileReference; lastKnownFileType = sourcecode.swift; path = "UIFont+.swift"; sourceTree = "<group>"; };
		BEC23A732C4685100086B797 /* FloatLiteralType+.swift */ = {isa = PBXFileReference; lastKnownFileType = sourcecode.swift; path = "FloatLiteralType+.swift"; sourceTree = "<group>"; };
		BEC23A762C4686380086B797 /* WTDesign.swift */ = {isa = PBXFileReference; lastKnownFileType = sourcecode.swift; path = WTDesign.swift; sourceTree = "<group>"; };
/* End PBXFileReference section */

/* Begin PBXFrameworksBuildPhase section */
		8E2FD65F2C4281B7008F68D5 /* Frameworks */ = {
			isa = PBXFrameworksBuildPhase;
			buildActionMask = 2147483647;
			files = (
				BEC239D02C45047C0086B797 /* Alamofire in Frameworks */,
				BEC239CD2C4504600086B797 /* Neat in Frameworks */,
				BEC239CA2C4504400086B797 /* SnapKit in Frameworks */,
			);
			runOnlyForDeploymentPostprocessing = 0;
		};
/* End PBXFrameworksBuildPhase section */

/* Begin PBXGroup section */
		8E2FD6592C4281B7008F68D5 = {
			isa = PBXGroup;
			children = (
				BEC239FE2C450E840086B797 /* .gitignore */,
				8E2FD6642C4281B7008F68D5 /* Weather */,
				8E2FD6632C4281B7008F68D5 /* Products */,
			);
			sourceTree = "<group>";
		};
		8E2FD6632C4281B7008F68D5 /* Products */ = {
			isa = PBXGroup;
			children = (
				8E2FD6622C4281B7008F68D5 /* Weather.app */,
			);
			name = Products;
			sourceTree = "<group>";
		};
		8E2FD6642C4281B7008F68D5 /* Weather */ = {
			isa = PBXGroup;
			children = (
				BEC239C52C4503CC0086B797 /* Sources */,
				BEC239C42C4503C40086B797 /* Resources */,
			);
			path = Weather;
			sourceTree = "<group>";
		};
		8E768DE82C47CAFD0062431F /* Combine */ = {
			isa = PBXGroup;
			children = (
				8E768DE92C47CB370062431F /* CancelBag.swift */,
				8E768DEB2C47CB4D0062431F /* CombineControlCompatible.swift */,
				8E768DED2C47CB620062431F /* ControlEventPublisher.swift */,
				8E768DEF2C47CB750062431F /* ControlSubscription.swift */,
				BE2AFB0C2C49208D00C6718C /* UITableViewDelegateProxy.swift */,
				BE2AFB0E2C4920B000C6718C /* UICollectionViewDelegateProxy.swift */,
				BE2AFB102C49224B00C6718C /* UIKit+Combine.swift */,
				8E768DF12C47CB9C0062431F /* Publisher+.swift */,
			);
			path = Combine;
			sourceTree = "<group>";
		};
		8E768DF32C47CC390062431F /* Repository */ = {
			isa = PBXGroup;
			children = (
				8E768DF42C47CC510062431F /* CurrentWeatherRepository.swift */,
				8E768DF62C47CEC10062431F /* ForecastWeatherRepository.swift */,
			);
			path = Repository;
			sourceTree = "<group>";
		};
		8E768DF82C47CF870062431F /* WeatherSummary */ = {
			isa = PBXGroup;
			children = (
				BEC23A3C2C4542C10086B797 /* WeatherSummaryViewController.swift */,
				8E768DE62C47C63E0062431F /* WeatherSummaryViewController+Mock.swift */,
				8E768DF92C47CF930062431F /* WeatherSummaryViewModel.swift */,
				BEC23A472C45541B0086B797 /* Cell */,
			);
			path = WeatherSummary;
			sourceTree = "<group>";
		};
		8E768DFB2C47D93D0062431F /* Service */ = {
			isa = PBXGroup;
			children = (
				8E768DFC2C47DA4A0062431F /* LocationService.swift */,
			);
			path = Service;
			sourceTree = "<group>";
		};
		8E768E002C47F0C60062431F /* Common */ = {
			isa = PBXGroup;
			children = (
				8E768E012C47F0CC0062431F /* ToastView.swift */,
			);
			path = Common;
			sourceTree = "<group>";
		};
		8E768E092C4BC8810062431F /* Model */ = {
			isa = PBXGroup;
			children = (
				8E768E0A2C4BC8860062431F /* Weekday.swift */,
			);
			path = Model;
			sourceTree = "<group>";
		};
		BEC239C42C4503C40086B797 /* Resources */ = {
			isa = PBXGroup;
			children = (
				8E2FD66E2C4281B8008F68D5 /* Assets.xcassets */,
				8E2FD6702C4281B8008F68D5 /* LaunchScreen.storyboard */,
				8E2FD6732C4281B8008F68D5 /* Info.plist */,
				BEC23A2E2C4515550086B797 /* Debug.xcconfig */,
			);
			path = Resources;
			sourceTree = "<group>";
		};
		BEC239C52C4503CC0086B797 /* Sources */ = {
			isa = PBXGroup;
			children = (
				BEC239C62C4503D50086B797 /* App */,
				BEC23A182C45131B0086B797 /* Data */,
				BEC23A752C46862C0086B797 /* Design */,
				BEC23A172C45131A0086B797 /* Foundation */,
				BEC239C72C4503DA0086B797 /* Presentation */,
			);
			path = Sources;
			sourceTree = "<group>";
		};
		BEC239C62C4503D50086B797 /* App */ = {
			isa = PBXGroup;
			children = (
				8E2FD6652C4281B7008F68D5 /* AppDelegate.swift */,
				8E2FD6672C4281B7008F68D5 /* SceneDelegate.swift */,
			);
			path = App;
			sourceTree = "<group>";
		};
		BEC239C72C4503DA0086B797 /* Presentation */ = {
			isa = PBXGroup;
			children = (
				8E768E002C47F0C60062431F /* Common */,
				8E768DF82C47CF870062431F /* WeatherSummary */,
			);
			path = Presentation;
			sourceTree = "<group>";
		};
		BEC23A032C45131A0086B797 /* Architecture */ = {
			isa = PBXGroup;
			children = (
				BEC23A002C45131A0086B797 /* View.swift */,
				BEC23A012C45131A0086B797 /* ViewModel.swift */,
				BEC23A022C45131A0086B797 /* ViewModelStorage.swift */,
			);
			path = Architecture;
			sourceTree = "<group>";
		};
		BEC23A082C45131A0086B797 /* Base */ = {
			isa = PBXGroup;
			children = (
				BEC23A042C45131A0086B797 /* BaseCollectionViewCell.swift */,
				BEC23A052C45131A0086B797 /* BaseTableViewCell.swift */,
				BEC23A062C45131A0086B797 /* BaseView.swift */,
				BEC23A072C45131A0086B797 /* BaseViewController.swift */,
			);
			path = Base;
			sourceTree = "<group>";
		};
		BEC23A0A2C45131A0086B797 /* Debug */ = {
			isa = PBXGroup;
			children = (
				BEC23A092C45131A0086B797 /* Logger.swift */,
			);
			path = Debug;
			sourceTree = "<group>";
		};
		BEC23A0D2C45131A0086B797 /* Endpoint */ = {
			isa = PBXGroup;
			children = (
				BEC23A0B2C45131A0086B797 /* EndpointError.swift */,
				BEC23A0C2C45131A0086B797 /* EndpointRepresentable.swift */,
			);
			path = Endpoint;
			sourceTree = "<group>";
		};
		BEC23A0F2C45131A0086B797 /* Extension */ = {
			isa = PBXGroup;
			children = (
				8E768E072C4BC6790062431F /* Collection+.swift */,
				BEC23A452C454F850086B797 /* Date+.swift */,
				BEC23A732C4685100086B797 /* FloatLiteralType+.swift */,
				BEC23A522C45599F0086B797 /* IntegerLiteralType+.swift */,
				BEC23A502C4559530086B797 /* NSDirectionalEdgeInsets+.swift */,
				8E768E052C4BC66D0062431F /* Sequence+.swift */,
				BEC23A0E2C45131A0086B797 /* String+.swift */,
				BEC23A6C2C467F940086B797 /* UIImageView+.swift */,
				BEC23A712C46849D0086B797 /* UIFont+.swift */,
				8E768DFE2C47F0A00062431F /* UIViewController+.swift */,
				8E768DE82C47CAFD0062431F /* Combine */,
			);
			path = Extension;
			sourceTree = "<group>";
		};
		BEC23A132C45131A0086B797 /* Weak */ = {
			isa = PBXGroup;
			children = (
				BEC23A102C45131A0086B797 /* DeinitHandler.swift */,
				BEC23A112C45131A0086B797 /* Weak.swift */,
				BEC23A122C45131A0086B797 /* WeakStorage.swift */,
			);
			path = Weak;
			sourceTree = "<group>";
		};
		BEC23A172C45131A0086B797 /* Foundation */ = {
			isa = PBXGroup;
			children = (
				BEC23A142C45131A0086B797 /* DateFormat.swift */,
				BEC23A152C45131A0086B797 /* Observable.swift */,
				BEC23A162C45131A0086B797 /* ReuseIdentifiable.swift */,
				BEC23A032C45131A0086B797 /* Architecture */,
				BEC23A082C45131A0086B797 /* Base */,
				BEC23A652C467F340086B797 /* Cache */,
				BEC23A0A2C45131A0086B797 /* Debug */,
				BEC23A0D2C45131A0086B797 /* Endpoint */,
				BEC23A0F2C45131A0086B797 /* Extension */,
				BEC23A6E2C467FCB0086B797 /* Network */,
				BEC23A132C45131A0086B797 /* Weak */,
			);
			path = Foundation;
			sourceTree = "<group>";
		};
		BEC23A182C45131B0086B797 /* Data */ = {
			isa = PBXGroup;
			children = (
				8E768E092C4BC8810062431F /* Model */,
				8E768DFB2C47D93D0062431F /* Service */,
				8E768DF32C47CC390062431F /* Repository */,
				BEC23A312C4518660086B797 /* Endpoint */,
				BEC23A322C4518730086B797 /* Request */,
				BEC23A372C4519060086B797 /* DTO */,
			);
			path = Data;
			sourceTree = "<group>";
		};
		BEC23A312C4518660086B797 /* Endpoint */ = {
			isa = PBXGroup;
			children = (
				BEC23A2A2C4513510086B797 /* CurrentWeatherEndpoint.swift */,
				BEC23A2F2C45178D0086B797 /* ForecastWeatherEndpoint.swift */,
				BEC23A2C2C4514440086B797 /* OpenWeatherEndpoint.swift */,
				BEC23A352C45188D0086B797 /* OpenWeatherLocationEndpoint.swift */,
				BEC23A412C454CA20086B797 /* OpenWeatherIconEndpoint.swift */,
			);
			path = Endpoint;
			sourceTree = "<group>";
		};
		BEC23A322C4518730086B797 /* Request */ = {
			isa = PBXGroup;
			children = (
				BEC23A332C45187D0086B797 /* OWLocationRequest.swift */,
				BEC23A432C454D5A0086B797 /* OpenWeatherIconRequest.swift */,
			);
			path = Request;
			sourceTree = "<group>";
		};
		BEC23A372C4519060086B797 /* DTO */ = {
			isa = PBXGroup;
			children = (
				BEC23A382C4519250086B797 /* CurrentWeatherDTO.swift */,
				BEC23A3A2C451ACE0086B797 /* ForecastWeatherDTO.swift */,
			);
			path = DTO;
			sourceTree = "<group>";
		};
		BEC23A472C45541B0086B797 /* Cell */ = {
			isa = PBXGroup;
			children = (
				BEC23A482C4554280086B797 /* ThreeHoursForecastCVCell.swift */,
				BEC23A4A2C4555D80086B797 /* FiveDaysForecastCVCell.swift */,
				BEC23A4C2C4556580086B797 /* WeatherLocationCVCell.swift */,
				BEC23A4E2C4556720086B797 /* WeatherConditionCVCell.swift */,
			);
			path = Cell;
			sourceTree = "<group>";
		};
		BEC23A652C467F340086B797 /* Cache */ = {
			isa = PBXGroup;
			children = (
				BEC23A5F2C467F340086B797 /* CacheableObject.swift */,
				BEC23A602C467F340086B797 /* CacheConfiguration.swift */,
				BEC23A612C467F340086B797 /* CacheService.swift */,
				BEC23A622C467F340086B797 /* CacheStorage.swift */,
				BEC23A632C467F340086B797 /* CacheWrapper.swift */,
				BEC23A642C467F340086B797 /* DataSize.swift */,
			);
			path = Cache;
			sourceTree = "<group>";
		};
		BEC23A6E2C467FCB0086B797 /* Network */ = {
			isa = PBXGroup;
			children = (
				BEC23A6F2C467FD60086B797 /* NetworkError.swift */,
			);
			path = Network;
			sourceTree = "<group>";
		};
		BEC23A752C46862C0086B797 /* Design */ = {
			isa = PBXGroup;
			children = (
				BEC23A762C4686380086B797 /* WTDesign.swift */,
			);
			path = Design;
			sourceTree = "<group>";
		};
/* End PBXGroup section */

/* Begin PBXNativeTarget section */
		8E2FD6612C4281B7008F68D5 /* Weather */ = {
			isa = PBXNativeTarget;
			buildConfigurationList = 8E2FD6762C4281B8008F68D5 /* Build configuration list for PBXNativeTarget "Weather" */;
			buildPhases = (
				8E2FD65E2C4281B7008F68D5 /* Sources */,
				8E2FD65F2C4281B7008F68D5 /* Frameworks */,
				8E2FD6602C4281B7008F68D5 /* Resources */,
			);
			buildRules = (
			);
			dependencies = (
			);
			name = Weather;
			packageProductDependencies = (
				BEC239C92C4504400086B797 /* SnapKit */,
				BEC239CC2C4504600086B797 /* Neat */,
				BEC239CF2C45047C0086B797 /* Alamofire */,
			);
			productName = Weather;
			productReference = 8E2FD6622C4281B7008F68D5 /* Weather.app */;
			productType = "com.apple.product-type.application";
		};
/* End PBXNativeTarget section */

/* Begin PBXProject section */
		8E2FD65A2C4281B7008F68D5 /* Project object */ = {
			isa = PBXProject;
			attributes = {
				BuildIndependentTargetsInParallel = 1;
				LastSwiftUpdateCheck = 1530;
				LastUpgradeCheck = 1530;
				TargetAttributes = {
					8E2FD6612C4281B7008F68D5 = {
						CreatedOnToolsVersion = 15.3;
					};
				};
			};
			buildConfigurationList = 8E2FD65D2C4281B7008F68D5 /* Build configuration list for PBXProject "Weather" */;
			compatibilityVersion = "Xcode 14.0";
			developmentRegion = en;
			hasScannedForEncodings = 0;
			knownRegions = (
				en,
				Base,
			);
			mainGroup = 8E2FD6592C4281B7008F68D5;
			packageReferences = (
				BEC239C82C4504400086B797 /* XCRemoteSwiftPackageReference "SnapKit" */,
				BEC239CB2C4504600086B797 /* XCRemoteSwiftPackageReference "Neat" */,
				BEC239CE2C45047C0086B797 /* XCRemoteSwiftPackageReference "Alamofire" */,
			);
			productRefGroup = 8E2FD6632C4281B7008F68D5 /* Products */;
			projectDirPath = "";
			projectRoot = "";
			targets = (
				8E2FD6612C4281B7008F68D5 /* Weather */,
			);
		};
/* End PBXProject section */

/* Begin PBXResourcesBuildPhase section */
		8E2FD6602C4281B7008F68D5 /* Resources */ = {
			isa = PBXResourcesBuildPhase;
			buildActionMask = 2147483647;
			files = (
				8E2FD66F2C4281B8008F68D5 /* Assets.xcassets in Resources */,
				BEC239FF2C450E840086B797 /* .gitignore in Resources */,
				8E2FD6722C4281B8008F68D5 /* Base in Resources */,
			);
			runOnlyForDeploymentPostprocessing = 0;
		};
/* End PBXResourcesBuildPhase section */

/* Begin PBXSourcesBuildPhase section */
		8E2FD65E2C4281B7008F68D5 /* Sources */ = {
			isa = PBXSourcesBuildPhase;
			buildActionMask = 2147483647;
			files = (
				BEC23A2B2C4513510086B797 /* CurrentWeatherEndpoint.swift in Sources */,
				BEC23A282C45131B0086B797 /* Observable.swift in Sources */,
				BE2AFB112C49224B00C6718C /* UIKit+Combine.swift in Sources */,
				8E768DFA2C47CF930062431F /* WeatherSummaryViewModel.swift in Sources */,
				BEC23A6A2C467F340086B797 /* CacheWrapper.swift in Sources */,
				BEC23A4D2C4556580086B797 /* WeatherLocationCVCell.swift in Sources */,
				BEC23A4B2C4555D80086B797 /* FiveDaysForecastCVCell.swift in Sources */,
				8E768DEA2C47CB370062431F /* CancelBag.swift in Sources */,
				BEC23A3D2C4542C20086B797 /* WeatherSummaryViewController.swift in Sources */,
				BEC23A342C45187D0086B797 /* OWLocationRequest.swift in Sources */,
				BEC23A492C4554280086B797 /* ThreeHoursForecastCVCell.swift in Sources */,
				BEC23A672C467F340086B797 /* CacheConfiguration.swift in Sources */,
				BEC23A702C467FD60086B797 /* NetworkError.swift in Sources */,
				8E768DEE2C47CB620062431F /* ControlEventPublisher.swift in Sources */,
				BEC23A1D2C45131B0086B797 /* BaseTableViewCell.swift in Sources */,
				BEC23A202C45131B0086B797 /* Logger.swift in Sources */,
				BEC23A262C45131B0086B797 /* WeakStorage.swift in Sources */,
				BEC23A2D2C4514440086B797 /* OpenWeatherEndpoint.swift in Sources */,
				BEC23A442C454D5A0086B797 /* OpenWeatherIconRequest.swift in Sources */,
				BEC23A422C454CA20086B797 /* OpenWeatherIconEndpoint.swift in Sources */,
				8E768DF02C47CB750062431F /* ControlSubscription.swift in Sources */,
				8E768E0B2C4BC8860062431F /* Weekday.swift in Sources */,
				8E768DEC2C47CB4D0062431F /* CombineControlCompatible.swift in Sources */,
				BEC23A4F2C4556720086B797 /* WeatherConditionCVCell.swift in Sources */,
				BEC23A392C4519250086B797 /* CurrentWeatherDTO.swift in Sources */,
				BEC23A1A2C45131B0086B797 /* ViewModel.swift in Sources */,
				8E768DFF2C47F0A00062431F /* UIViewController+.swift in Sources */,
				BEC23A222C45131B0086B797 /* EndpointRepresentable.swift in Sources */,
				8E768DFD2C47DA4A0062431F /* LocationService.swift in Sources */,
				BEC23A292C45131B0086B797 /* ReuseIdentifiable.swift in Sources */,
				BEC23A1C2C45131B0086B797 /* BaseCollectionViewCell.swift in Sources */,
				BEC23A192C45131B0086B797 /* View.swift in Sources */,
				BEC23A272C45131B0086B797 /* DateFormat.swift in Sources */,
				8E768E022C47F0CC0062431F /* ToastView.swift in Sources */,
				BEC23A772C4686380086B797 /* WTDesign.swift in Sources */,
				BEC23A692C467F340086B797 /* CacheStorage.swift in Sources */,
				8E768E082C4BC6790062431F /* Collection+.swift in Sources */,
				BEC23A1F2C45131B0086B797 /* BaseViewController.swift in Sources */,
				BEC23A302C45178D0086B797 /* ForecastWeatherEndpoint.swift in Sources */,
				BEC23A242C45131B0086B797 /* DeinitHandler.swift in Sources */,
				BEC23A682C467F340086B797 /* CacheService.swift in Sources */,
				BEC23A532C45599F0086B797 /* IntegerLiteralType+.swift in Sources */,
				BEC23A6D2C467F940086B797 /* UIImageView+.swift in Sources */,
				8E2FD6662C4281B7008F68D5 /* AppDelegate.swift in Sources */,
				BEC23A742C4685100086B797 /* FloatLiteralType+.swift in Sources */,
				BEC23A1E2C45131B0086B797 /* BaseView.swift in Sources */,
				BE2AFB0D2C49208D00C6718C /* UITableViewDelegateProxy.swift in Sources */,
				BEC23A212C45131B0086B797 /* EndpointError.swift in Sources */,
				8E768DE72C47C63E0062431F /* WeatherSummaryViewController+Mock.swift in Sources */,
				BE2AFB0F2C4920B000C6718C /* UICollectionViewDelegateProxy.swift in Sources */,
				BEC23A6B2C467F340086B797 /* DataSize.swift in Sources */,
				BEC23A1B2C45131B0086B797 /* ViewModelStorage.swift in Sources */,
				BEC23A252C45131B0086B797 /* Weak.swift in Sources */,
				BEC23A722C46849D0086B797 /* UIFont+.swift in Sources */,
				BEC23A232C45131B0086B797 /* String+.swift in Sources */,
				BEC23A3B2C451ACE0086B797 /* ForecastWeatherDTO.swift in Sources */,
				BEC23A662C467F340086B797 /* CacheableObject.swift in Sources */,
				BEC23A462C454F850086B797 /* Date+.swift in Sources */,
				BEC23A512C4559530086B797 /* NSDirectionalEdgeInsets+.swift in Sources */,
				8E768DF22C47CB9D0062431F /* Publisher+.swift in Sources */,
				BEC23A362C45188D0086B797 /* OpenWeatherLocationEndpoint.swift in Sources */,
				8E768DF52C47CC510062431F /* CurrentWeatherRepository.swift in Sources */,
				8E768E062C4BC66D0062431F /* Sequence+.swift in Sources */,
				8E768DF72C47CEC10062431F /* ForecastWeatherRepository.swift in Sources */,
				8E2FD6682C4281B7008F68D5 /* SceneDelegate.swift in Sources */,
			);
			runOnlyForDeploymentPostprocessing = 0;
		};
/* End PBXSourcesBuildPhase section */

/* Begin PBXVariantGroup section */
		8E2FD6702C4281B8008F68D5 /* LaunchScreen.storyboard */ = {
			isa = PBXVariantGroup;
			children = (
				8E2FD6712C4281B8008F68D5 /* Base */,
			);
			name = LaunchScreen.storyboard;
			sourceTree = "<group>";
		};
/* End PBXVariantGroup section */

/* Begin XCBuildConfiguration section */
		8E2FD6742C4281B8008F68D5 /* Debug */ = {
			isa = XCBuildConfiguration;
			baseConfigurationReference = BEC23A2E2C4515550086B797 /* Debug.xcconfig */;
			buildSettings = {
				ALWAYS_SEARCH_USER_PATHS = NO;
				ASSETCATALOG_COMPILER_GENERATE_SWIFT_ASSET_SYMBOL_EXTENSIONS = YES;
				CLANG_ANALYZER_NONNULL = YES;
				CLANG_ANALYZER_NUMBER_OBJECT_CONVERSION = YES_AGGRESSIVE;
				CLANG_CXX_LANGUAGE_STANDARD = "gnu++20";
				CLANG_ENABLE_MODULES = YES;
				CLANG_ENABLE_OBJC_ARC = YES;
				CLANG_ENABLE_OBJC_WEAK = YES;
				CLANG_WARN_BLOCK_CAPTURE_AUTORELEASING = YES;
				CLANG_WARN_BOOL_CONVERSION = YES;
				CLANG_WARN_COMMA = YES;
				CLANG_WARN_CONSTANT_CONVERSION = YES;
				CLANG_WARN_DEPRECATED_OBJC_IMPLEMENTATIONS = YES;
				CLANG_WARN_DIRECT_OBJC_ISA_USAGE = YES_ERROR;
				CLANG_WARN_DOCUMENTATION_COMMENTS = YES;
				CLANG_WARN_EMPTY_BODY = YES;
				CLANG_WARN_ENUM_CONVERSION = YES;
				CLANG_WARN_INFINITE_RECURSION = YES;
				CLANG_WARN_INT_CONVERSION = YES;
				CLANG_WARN_NON_LITERAL_NULL_CONVERSION = YES;
				CLANG_WARN_OBJC_IMPLICIT_RETAIN_SELF = YES;
				CLANG_WARN_OBJC_LITERAL_CONVERSION = YES;
				CLANG_WARN_OBJC_ROOT_CLASS = YES_ERROR;
				CLANG_WARN_QUOTED_INCLUDE_IN_FRAMEWORK_HEADER = YES;
				CLANG_WARN_RANGE_LOOP_ANALYSIS = YES;
				CLANG_WARN_STRICT_PROTOTYPES = YES;
				CLANG_WARN_SUSPICIOUS_MOVE = YES;
				CLANG_WARN_UNGUARDED_AVAILABILITY = YES_AGGRESSIVE;
				CLANG_WARN_UNREACHABLE_CODE = YES;
				CLANG_WARN__DUPLICATE_METHOD_MATCH = YES;
				COPY_PHASE_STRIP = NO;
				DEBUG_INFORMATION_FORMAT = dwarf;
				ENABLE_STRICT_OBJC_MSGSEND = YES;
				ENABLE_TESTABILITY = YES;
				ENABLE_USER_SCRIPT_SANDBOXING = YES;
				GCC_C_LANGUAGE_STANDARD = gnu17;
				GCC_DYNAMIC_NO_PIC = NO;
				GCC_NO_COMMON_BLOCKS = YES;
				GCC_OPTIMIZATION_LEVEL = 0;
				GCC_PREPROCESSOR_DEFINITIONS = (
					"DEBUG=1",
					"$(inherited)",
				);
				GCC_WARN_64_TO_32_BIT_CONVERSION = YES;
				GCC_WARN_ABOUT_RETURN_TYPE = YES_ERROR;
				GCC_WARN_UNDECLARED_SELECTOR = YES;
				GCC_WARN_UNINITIALIZED_AUTOS = YES_AGGRESSIVE;
				GCC_WARN_UNUSED_FUNCTION = YES;
				GCC_WARN_UNUSED_VARIABLE = YES;
				IPHONEOS_DEPLOYMENT_TARGET = 17.4;
				LOCALIZATION_PREFERS_STRING_CATALOGS = YES;
				MTL_ENABLE_DEBUG_INFO = INCLUDE_SOURCE;
				MTL_FAST_MATH = YES;
				ONLY_ACTIVE_ARCH = YES;
				SDKROOT = iphoneos;
				SWIFT_ACTIVE_COMPILATION_CONDITIONS = "DEBUG $(inherited)";
				SWIFT_OPTIMIZATION_LEVEL = "-Onone";
			};
			name = Debug;
		};
		8E2FD6752C4281B8008F68D5 /* Release */ = {
			isa = XCBuildConfiguration;
			buildSettings = {
				ALWAYS_SEARCH_USER_PATHS = NO;
				ASSETCATALOG_COMPILER_GENERATE_SWIFT_ASSET_SYMBOL_EXTENSIONS = YES;
				CLANG_ANALYZER_NONNULL = YES;
				CLANG_ANALYZER_NUMBER_OBJECT_CONVERSION = YES_AGGRESSIVE;
				CLANG_CXX_LANGUAGE_STANDARD = "gnu++20";
				CLANG_ENABLE_MODULES = YES;
				CLANG_ENABLE_OBJC_ARC = YES;
				CLANG_ENABLE_OBJC_WEAK = YES;
				CLANG_WARN_BLOCK_CAPTURE_AUTORELEASING = YES;
				CLANG_WARN_BOOL_CONVERSION = YES;
				CLANG_WARN_COMMA = YES;
				CLANG_WARN_CONSTANT_CONVERSION = YES;
				CLANG_WARN_DEPRECATED_OBJC_IMPLEMENTATIONS = YES;
				CLANG_WARN_DIRECT_OBJC_ISA_USAGE = YES_ERROR;
				CLANG_WARN_DOCUMENTATION_COMMENTS = YES;
				CLANG_WARN_EMPTY_BODY = YES;
				CLANG_WARN_ENUM_CONVERSION = YES;
				CLANG_WARN_INFINITE_RECURSION = YES;
				CLANG_WARN_INT_CONVERSION = YES;
				CLANG_WARN_NON_LITERAL_NULL_CONVERSION = YES;
				CLANG_WARN_OBJC_IMPLICIT_RETAIN_SELF = YES;
				CLANG_WARN_OBJC_LITERAL_CONVERSION = YES;
				CLANG_WARN_OBJC_ROOT_CLASS = YES_ERROR;
				CLANG_WARN_QUOTED_INCLUDE_IN_FRAMEWORK_HEADER = YES;
				CLANG_WARN_RANGE_LOOP_ANALYSIS = YES;
				CLANG_WARN_STRICT_PROTOTYPES = YES;
				CLANG_WARN_SUSPICIOUS_MOVE = YES;
				CLANG_WARN_UNGUARDED_AVAILABILITY = YES_AGGRESSIVE;
				CLANG_WARN_UNREACHABLE_CODE = YES;
				CLANG_WARN__DUPLICATE_METHOD_MATCH = YES;
				COPY_PHASE_STRIP = NO;
				DEBUG_INFORMATION_FORMAT = "dwarf-with-dsym";
				ENABLE_NS_ASSERTIONS = NO;
				ENABLE_STRICT_OBJC_MSGSEND = YES;
				ENABLE_USER_SCRIPT_SANDBOXING = YES;
				GCC_C_LANGUAGE_STANDARD = gnu17;
				GCC_NO_COMMON_BLOCKS = YES;
				GCC_WARN_64_TO_32_BIT_CONVERSION = YES;
				GCC_WARN_ABOUT_RETURN_TYPE = YES_ERROR;
				GCC_WARN_UNDECLARED_SELECTOR = YES;
				GCC_WARN_UNINITIALIZED_AUTOS = YES_AGGRESSIVE;
				GCC_WARN_UNUSED_FUNCTION = YES;
				GCC_WARN_UNUSED_VARIABLE = YES;
				IPHONEOS_DEPLOYMENT_TARGET = 17.4;
				LOCALIZATION_PREFERS_STRING_CATALOGS = YES;
				MTL_ENABLE_DEBUG_INFO = NO;
				MTL_FAST_MATH = YES;
				SDKROOT = iphoneos;
				SWIFT_COMPILATION_MODE = wholemodule;
				VALIDATE_PRODUCT = YES;
			};
			name = Release;
		};
		8E2FD6772C4281B8008F68D5 /* Debug */ = {
			isa = XCBuildConfiguration;
			buildSettings = {
				ASSETCATALOG_COMPILER_APPICON_NAME = AppIcon;
				ASSETCATALOG_COMPILER_GLOBAL_ACCENT_COLOR_NAME = AccentColor;
				CODE_SIGN_STYLE = Automatic;
				CURRENT_PROJECT_VERSION = 1;
				DEVELOPMENT_TEAM = ASU4PNB5MG;
				GENERATE_INFOPLIST_FILE = YES;
				INFOPLIST_FILE = Weather/Resources/Info.plist;
				INFOPLIST_KEY_NSLocationWhenInUseUsageDescription = "날씨 정보를 확인하기 위해 위치 권한이 필요합니다";
				INFOPLIST_KEY_UIApplicationSupportsIndirectInputEvents = YES;
				INFOPLIST_KEY_UILaunchStoryboardName = LaunchScreen;
				INFOPLIST_KEY_UISupportedInterfaceOrientations_iPad = "UIInterfaceOrientationPortrait UIInterfaceOrientationPortraitUpsideDown UIInterfaceOrientationLandscapeLeft UIInterfaceOrientationLandscapeRight";
				INFOPLIST_KEY_UISupportedInterfaceOrientations_iPhone = "UIInterfaceOrientationPortrait UIInterfaceOrientationLandscapeLeft UIInterfaceOrientationLandscapeRight";
				IPHONEOS_DEPLOYMENT_TARGET = 15.0;
				LD_RUNPATH_SEARCH_PATHS = (
					"$(inherited)",
					"@executable_path/Frameworks",
				);
				MARKETING_VERSION = 0.1;
				PRODUCT_BUNDLE_IDENTIFIER = com.GeonSeobKim.Weather;
				PRODUCT_NAME = "$(TARGET_NAME)";
				SWIFT_EMIT_LOC_STRINGS = YES;
				SWIFT_VERSION = 5.0;
				TARGETED_DEVICE_FAMILY = "1,2";
			};
			name = Debug;
		};
		8E2FD6782C4281B8008F68D5 /* Release */ = {
			isa = XCBuildConfiguration;
			buildSettings = {
				ASSETCATALOG_COMPILER_APPICON_NAME = AppIcon;
				ASSETCATALOG_COMPILER_GLOBAL_ACCENT_COLOR_NAME = AccentColor;
				CODE_SIGN_STYLE = Automatic;
				CURRENT_PROJECT_VERSION = 1;
				DEVELOPMENT_TEAM = ASU4PNB5MG;
				GENERATE_INFOPLIST_FILE = YES;
				INFOPLIST_FILE = Weather/Resources/Info.plist;
				INFOPLIST_KEY_NSLocationWhenInUseUsageDescription = "날씨 정보를 확인하기 위해 위치 권한이 필요합니다";
				INFOPLIST_KEY_UIApplicationSupportsIndirectInputEvents = YES;
				INFOPLIST_KEY_UILaunchStoryboardName = LaunchScreen;
				INFOPLIST_KEY_UISupportedInterfaceOrientations_iPad = "UIInterfaceOrientationPortrait UIInterfaceOrientationPortraitUpsideDown UIInterfaceOrientationLandscapeLeft UIInterfaceOrientationLandscapeRight";
				INFOPLIST_KEY_UISupportedInterfaceOrientations_iPhone = "UIInterfaceOrientationPortrait UIInterfaceOrientationLandscapeLeft UIInterfaceOrientationLandscapeRight";
				IPHONEOS_DEPLOYMENT_TARGET = 15.0;
				LD_RUNPATH_SEARCH_PATHS = (
					"$(inherited)",
					"@executable_path/Frameworks",
				);
				MARKETING_VERSION = 0.1;
				PRODUCT_BUNDLE_IDENTIFIER = com.GeonSeobKim.Weather;
				PRODUCT_NAME = "$(TARGET_NAME)";
				SWIFT_EMIT_LOC_STRINGS = YES;
				SWIFT_VERSION = 5.0;
				TARGETED_DEVICE_FAMILY = "1,2";
			};
			name = Release;
		};
/* End XCBuildConfiguration section */

/* Begin XCConfigurationList section */
		8E2FD65D2C4281B7008F68D5 /* Build configuration list for PBXProject "Weather" */ = {
			isa = XCConfigurationList;
			buildConfigurations = (
				8E2FD6742C4281B8008F68D5 /* Debug */,
				8E2FD6752C4281B8008F68D5 /* Release */,
			);
			defaultConfigurationIsVisible = 0;
			defaultConfigurationName = Release;
		};
		8E2FD6762C4281B8008F68D5 /* Build configuration list for PBXNativeTarget "Weather" */ = {
			isa = XCConfigurationList;
			buildConfigurations = (
				8E2FD6772C4281B8008F68D5 /* Debug */,
				8E2FD6782C4281B8008F68D5 /* Release */,
			);
			defaultConfigurationIsVisible = 0;
			defaultConfigurationName = Release;
		};
/* End XCConfigurationList section */

/* Begin XCRemoteSwiftPackageReference section */
		BEC239C82C4504400086B797 /* XCRemoteSwiftPackageReference "SnapKit" */ = {
			isa = XCRemoteSwiftPackageReference;
			repositoryURL = "https://github.com/SnapKit/SnapKit.git";
			requirement = {
				kind = upToNextMajorVersion;
				minimumVersion = 5.7.1;
			};
		};
		BEC239CB2C4504600086B797 /* XCRemoteSwiftPackageReference "Neat" */ = {
			isa = XCRemoteSwiftPackageReference;
			repositoryURL = "https://github.com/gnksbm/Neat.git";
			requirement = {
				branch = main;
				kind = branch;
			};
		};
		BEC239CE2C45047C0086B797 /* XCRemoteSwiftPackageReference "Alamofire" */ = {
			isa = XCRemoteSwiftPackageReference;
			repositoryURL = "https://github.com/Alamofire/Alamofire.git";
			requirement = {
				kind = upToNextMajorVersion;
				minimumVersion = 5.9.1;
			};
		};
/* End XCRemoteSwiftPackageReference section */

/* Begin XCSwiftPackageProductDependency section */
		BEC239C92C4504400086B797 /* SnapKit */ = {
			isa = XCSwiftPackageProductDependency;
			package = BEC239C82C4504400086B797 /* XCRemoteSwiftPackageReference "SnapKit" */;
			productName = SnapKit;
		};
		BEC239CC2C4504600086B797 /* Neat */ = {
			isa = XCSwiftPackageProductDependency;
			package = BEC239CB2C4504600086B797 /* XCRemoteSwiftPackageReference "Neat" */;
			productName = Neat;
		};
		BEC239CF2C45047C0086B797 /* Alamofire */ = {
			isa = XCSwiftPackageProductDependency;
			package = BEC239CE2C45047C0086B797 /* XCRemoteSwiftPackageReference "Alamofire" */;
			productName = Alamofire;
		};
/* End XCSwiftPackageProductDependency section */
	};
	rootObject = 8E2FD65A2C4281B7008F68D5 /* Project object */;
}
