{
  "originHash" : "8fbcbd34d6bb9c95692d1203523cff2203710051c0ce0c21e36b28e10ba8983c",
  "pins" : [
    {
      "identity" : "alamofire",
      "kind" : "remoteSourceControl",
      "location" : "https://github.com/Alamofire/Alamofire.git",
      "state" : {
        "revision" : "f455c2975872ccd2d9c81594c658af65716e9b9a",
        "version" : "5.9.1"
      }
    },
    {
      "identity" : "neat",
      "kind" : "remoteSourceControl",
      "location" : "https://github.com/gnksbm/Neat.git",
      "state" : {
        "branch" : "main",
        "revision" : "7c219b3203afd05e2586871fae4c899dc52fd1e8"
      }
    },
    {
      "identity" : "snapkit",
      "kind" : "remoteSourceControl",
      "location" : "https://github.com/SnapKit/SnapKit.git",
      "state" : {
        "revision" : "2842e6e84e82eb9a8dac0100ca90d9444b0307f4",
        "version" : "5.7.1"
      }
    }
  ],
  "version" : 3
}
